// !$*UTF8*$!
{
	archiveVersion = 1;
	classes = {
	};
	objectVersion = 46;
	objects = {

/* Begin PBXBuildFile section */
		520F886C1B12CE540018C34C /* AppDelegate.swift in Sources */ = {isa = PBXBuildFile; fileRef = 520F886B1B12CE540018C34C /* AppDelegate.swift */; };
		520F886E1B12CE540018C34C /* ViewController.swift in Sources */ = {isa = PBXBuildFile; fileRef = 520F886D1B12CE540018C34C /* ViewController.swift */; };
		520F88711B12CE540018C34C /* Main.storyboard in Resources */ = {isa = PBXBuildFile; fileRef = 520F886F1B12CE540018C34C /* Main.storyboard */; };
		520F88731B12CE540018C34C /* Images.xcassets in Resources */ = {isa = PBXBuildFile; fileRef = 520F88721B12CE540018C34C /* Images.xcassets */; };
		520F88761B12CE540018C34C /* LaunchScreen.xib in Resources */ = {isa = PBXBuildFile; fileRef = 520F88741B12CE540018C34C /* LaunchScreen.xib */; };
		520F88821B12CE540018C34C /* calculatorTests.swift in Sources */ = {isa = PBXBuildFile; fileRef = 520F88811B12CE540018C34C /* calculatorTests.swift */; };
		520F888C1B15597C0018C34C /* CalculatorBrain.swift in Sources */ = {isa = PBXBuildFile; fileRef = 520F888B1B15597C0018C34C /* CalculatorBrain.swift */; };
/* End PBXBuildFile section */

/* Begin PBXContainerItemProxy section */
		520F887C1B12CE540018C34C /* PBXContainerItemProxy */ = {
			isa = PBXContainerItemProxy;
			containerPortal = 520F885E1B12CE530018C34C /* Project object */;
			proxyType = 1;
			remoteGlobalIDString = 520F88651B12CE530018C34C;
			remoteInfo = calculator;
		};
/* End PBXContainerItemProxy section */

/* Begin PBXFileReference section */
		520F88661B12CE530018C34C /* calculator.app */ = {isa = PBXFileReference; explicitFileType = wrapper.application; includeInIndex = 0; path = calculator.app; sourceTree = BUILT_PRODUCTS_DIR; };
		520F886A1B12CE530018C34C /* Info.plist */ = {isa = PBXFileReference; lastKnownFileType = text.plist.xml; path = Info.plist; sourceTree = "<group>"; };
		520F886B1B12CE540018C34C /* AppDelegate.swift */ = {isa = PBXFileReference; lastKnownFileType = sourcecode.swift; path = AppDelegate.swift; sourceTree = "<group>"; };
		520F886D1B12CE540018C34C /* ViewController.swift */ = {isa = PBXFileReference; lastKnownFileType = sourcecode.swift; path = ViewController.swift; sourceTree = "<group>"; };
		520F88701B12CE540018C34C /* Base */ = {isa = PBXFileReference; lastKnownFileType = file.storyboard; name = Base; path = Base.lproj/Main.storyboard; sourceTree = "<group>"; };
		520F88721B12CE540018C34C /* Images.xcassets */ = {isa = PBXFileReference; lastKnownFileType = folder.assetcatalog; path = Images.xcassets; sourceTree = "<group>"; };
		520F88751B12CE540018C34C /* Base */ = {isa = PBXFileReference; lastKnownFileType = file.xib; name = Base; path = Base.lproj/LaunchScreen.xib; sourceTree = "<group>"; };
		520F887B1B12CE540018C34C /* calculatorTests.xctest */ = {isa = PBXFileReference; explicitFileType = wrapper.cfbundle; includeInIndex = 0; path = calculatorTests.xctest; sourceTree = BUILT_PRODUCTS_DIR; };
		520F88801B12CE540018C34C /* Info.plist */ = {isa = PBXFileReference; lastKnownFileType = text.plist.xml; path = Info.plist; sourceTree = "<group>"; };
		520F88811B12CE540018C34C /* calculatorTests.swift */ = {isa = PBXFileReference; lastKnownFileType = sourcecode.swift; path = calculatorTests.swift; sourceTree = "<group>"; };
		520F888B1B15597C0018C34C /* CalculatorBrain.swift */ = {isa = PBXFileReference; fileEncoding = 4; lastKnownFileType = sourcecode.swift; path = CalculatorBrain.swift; sourceTree = "<group>"; };
/* End PBXFileReference section */

/* Begin PBXFrameworksBuildPhase section */
		520F88631B12CE530018C34C /* Frameworks */ = {
			isa = PBXFrameworksBuildPhase;
			buildActionMask = 2147483647;
			files = (
			);
			runOnlyForDeploymentPostprocessing = 0;
		};
		520F88781B12CE540018C34C /* Frameworks */ = {
			isa = PBXFrameworksBuildPhase;
			buildActionMask = 2147483647;
			files = (
			);
			runOnlyForDeploymentPostprocessing = 0;
		};
/* End PBXFrameworksBuildPhase section */

/* Begin PBXGroup section */
		520F885D1B12CE530018C34C = {
			isa = PBXGroup;
			children = (
				520F88681B12CE530018C34C /* calculator */,
				520F887E1B12CE540018C34C /* calculatorTests */,
				520F88671B12CE530018C34C /* Products */,
			);
			sourceTree = "<group>";
		};
		520F88671B12CE530018C34C /* Products */ = {
			isa = PBXGroup;
			children = (
				520F88661B12CE530018C34C /* calculator.app */,
				520F887B1B12CE540018C34C /* calculatorTests.xctest */,
			);
			name = Products;
			sourceTree = "<group>";
		};
		520F88681B12CE530018C34C /* calculator */ = {
			isa = PBXGroup;
			children = (
				520F886D1B12CE540018C34C /* ViewController.swift */,
				520F886F1B12CE540018C34C /* Main.storyboard */,
				520F888B1B15597C0018C34C /* CalculatorBrain.swift */,
				520F88691B12CE530018C34C /* Supporting Files */,
			);
			path = calculator;
			sourceTree = "<group>";
		};
		520F88691B12CE530018C34C /* Supporting Files */ = {
			isa = PBXGroup;
			children = (
				520F88721B12CE540018C34C /* Images.xcassets */,
				520F88741B12CE540018C34C /* LaunchScreen.xib */,
				520F886B1B12CE540018C34C /* AppDelegate.swift */,
				520F886A1B12CE530018C34C /* Info.plist */,
			);
			name = "Supporting Files";
			sourceTree = "<group>";
		};
		520F887E1B12CE540018C34C /* calculatorTests */ = {
			isa = PBXGroup;
			children = (
				520F88811B12CE540018C34C /* calculatorTests.swift */,
				520F887F1B12CE540018C34C /* Supporting Files */,
			);
			path = calculatorTests;
			sourceTree = "<group>";
		};
		520F887F1B12CE540018C34C /* Supporting Files */ = {
			isa = PBXGroup;
			children = (
				520F88801B12CE540018C34C /* Info.plist */,
			);
			name = "Supporting Files";
			sourceTree = "<group>";
		};
/* End PBXGroup section */

/* Begin PBXNativeTarget section */
		520F88651B12CE530018C34C /* calculator */ = {
			isa = PBXNativeTarget;
			buildConfigurationList = 520F88851B12CE540018C34C /* Build configuration list for PBXNativeTarget "calculator" */;
			buildPhases = (
				520F88621B12CE530018C34C /* Sources */,
				520F88631B12CE530018C34C /* Frameworks */,
				520F88641B12CE530018C34C /* Resources */,
			);
			buildRules = (
			);
			dependencies = (
			);
			name = calculator;
			productName = calculator;
			productReference = 520F88661B12CE530018C34C /* calculator.app */;
			productType = "com.apple.product-type.application";
		};
		520F887A1B12CE540018C34C /* calculatorTests */ = {
			isa = PBXNativeTarget;
			buildConfigurationList = 520F88881B12CE540018C34C /* Build configuration list for PBXNativeTarget "calculatorTests" */;
			buildPhases = (
				520F88771B12CE540018C34C /* Sources */,
				520F88781B12CE540018C34C /* Frameworks */,
				520F88791B12CE540018C34C /* Resources */,
			);
			buildRules = (
			);
			dependencies = (
				520F887D1B12CE540018C34C /* PBXTargetDependency */,
			);
			name = calculatorTests;
			productName = calculatorTests;
			productReference = 520F887B1B12CE540018C34C /* calculatorTests.xctest */;
			productType = "com.apple.product-type.bundle.unit-test";
		};
/* End PBXNativeTarget section */

/* Begin PBXProject section */
		520F885E1B12CE530018C34C /* Project object */ = {
			isa = PBXProject;
			attributes = {
				LastUpgradeCheck = 0630;
				ORGANIZATIONNAME = test;
				TargetAttributes = {
					520F88651B12CE530018C34C = {
						CreatedOnToolsVersion = 6.3.1;
					};
					520F887A1B12CE540018C34C = {
						CreatedOnToolsVersion = 6.3.1;
						TestTargetID = 520F88651B12CE530018C34C;
					};
				};
			};
			buildConfigurationList = 520F88611B12CE530018C34C /* Build configuration list for PBXProject "calculator" */;
			compatibilityVersion = "Xcode 3.2";
			developmentRegion = English;
			hasScannedForEncodings = 0;
			knownRegions = (
				en,
				Base,
			);
			mainGroup = 520F885D1B12CE530018C34C;
			productRefGroup = 520F88671B12CE530018C34C /* Products */;
			projectDirPath = "";
			projectRoot = "";
			targets = (
				520F88651B12CE530018C34C /* calculator */,
				520F887A1B12CE540018C34C /* calculatorTests */,
			);
		};
/* End PBXProject section */

/* Begin PBXResourcesBuildPhase section */
		520F88641B12CE530018C34C /* Resources */ = {
			isa = PBXResourcesBuildPhase;
			buildActionMask = 2147483647;
			files = (
				520F88711B12CE540018C34C /* Main.storyboard in Resources */,
				520F88761B12CE540018C34C /* LaunchScreen.xib in Resources */,
				520F88731B12CE540018C34C /* Images.xcassets in Resources */,
			);
			runOnlyForDeploymentPostprocessing = 0;
		};
		520F88791B12CE540018C34C /* Resources */ = {
			isa = PBXResourcesBuildPhase;
			buildActionMask = 2147483647;
			files = (
			);
			runOnlyForDeploymentPostprocessing = 0;
		};
/* End PBXResourcesBuildPhase section */

/* Begin PBXSourcesBuildPhase section */
		520F88621B12CE530018C34C /* Sources */ = {
			isa = PBXSourcesBuildPhase;
			buildActionMask = 2147483647;
			files = (
				520F888C1B15597C0018C34C /* CalculatorBrain.swift in Sources */,
				520F886E1B12CE540018C34C /* ViewController.swift in Sources */,
				520F886C1B12CE540018C34C /* AppDelegate.swift in Sources */,
			);
			runOnlyForDeploymentPostprocessing = 0;
		};
		520F88771B12CE540018C34C /* Sources */ = {
			isa = PBXSourcesBuildPhase;
			buildActionMask = 2147483647;
			files = (
				520F88821B12CE540018C34C /* calculatorTests.swift in Sources */,
			);
			runOnlyForDeploymentPostprocessing = 0;
		};
/* End PBXSourcesBuildPhase section */

/* Begin PBXTargetDependency section */
		520F887D1B12CE540018C34C /* PBXTargetDependency */ = {
			isa = PBXTargetDependency;
			target = 520F88651B12CE530018C34C /* calculator */;
			targetProxy = 520F887C1B12CE540018C34C /* PBXContainerItemProxy */;
		};
/* End PBXTargetDependency section */

/* Begin PBXVariantGroup section */
		520F886F1B12CE540018C34C /* Main.storyboard */ = {
			isa = PBXVariantGroup;
			children = (
				520F88701B12CE540018C34C /* Base */,
			);
			name = Main.storyboard;
			sourceTree = "<group>";
		};
		520F88741B12CE540018C34C /* LaunchScreen.xib */ = {
			isa = PBXVariantGroup;
			children = (
				520F88751B12CE540018C34C /* Base */,
			);
			name = LaunchScreen.xib;
			sourceTree = "<group>";
		};
/* End PBXVariantGroup section */

/* Begin XCBuildConfiguration section */
		520F88831B12CE540018C34C /* Debug */ = {
			isa = XCBuildConfiguration;
			buildSettings = {
				ALWAYS_SEARCH_USER_PATHS = NO;
				CLANG_CXX_LANGUAGE_STANDARD = "gnu++0x";
				CLANG_CXX_LIBRARY = "libc++";
				CLANG_ENABLE_MODULES = YES;
				CLANG_ENABLE_OBJC_ARC = YES;
				CLANG_WARN_BOOL_CONVERSION = YES;
				CLANG_WARN_CONSTANT_CONVERSION = YES;
				CLANG_WARN_DIRECT_OBJC_ISA_USAGE = YES_ERROR;
				CLANG_WARN_EMPTY_BODY = YES;
				CLANG_WARN_ENUM_CONVERSION = YES;
				CLANG_WARN_INT_CONVERSION = YES;
				CLANG_WARN_OBJC_ROOT_CLASS = YES_ERROR;
				CLANG_WARN_UNREACHABLE_CODE = YES;
				CLANG_WARN__DUPLICATE_METHOD_MATCH = YES;
				"CODE_SIGN_IDENTITY[sdk=iphoneos*]" = "iPhone Developer";
				COPY_PHASE_STRIP = NO;
				DEBUG_INFORMATION_FORMAT = "dwarf-with-dsym";
				ENABLE_STRICT_OBJC_MSGSEND = YES;
				GCC_C_LANGUAGE_STANDARD = gnu99;
				GCC_DYNAMIC_NO_PIC = NO;
				GCC_NO_COMMON_BLOCKS = YES;
				GCC_OPTIMIZATION_LEVEL = 0;
				GCC_PREPROCESSOR_DEFINITIONS = (
					"DEBUG=1",
					"$(inherited)",
				);
				GCC_SYMBOLS_PRIVATE_EXTERN = NO;
				GCC_WARN_64_TO_32_BIT_CONVERSION = YES;
				GCC_WARN_ABOUT_RETURN_TYPE = YES_ERROR;
				GCC_WARN_UNDECLARED_SELECTOR = YES;
				GCC_WARN_UNINITIALIZED_AUTOS = YES_AGGRESSIVE;
				GCC_WARN_UNUSED_FUNCTION = YES;
				GCC_WARN_UNUSED_VARIABLE = YES;
				IPHONEOS_DEPLOYMENT_TARGET = 8.3;
				MTL_ENABLE_DEBUG_INFO = YES;
				ONLY_ACTIVE_ARCH = YES;
				SDKROOT = iphoneos;
				SWIFT_OPTIMIZATION_LEVEL = "-Onone";
				TARGETED_DEVICE_FAMILY = "1,2";
			};
			name = Debug;
		};
		520F88841B12CE540018C34C /* Release */ = {
			isa = XCBuildConfiguration;
			buildSettings = {
				ALWAYS_SEARCH_USER_PATHS = NO;
				CLANG_CXX_LANGUAGE_STANDARD = "gnu++0x";
				CLANG_CXX_LIBRARY = "libc++";
				CLANG_ENABLE_MODULES = YES;
				CLANG_ENABLE_OBJC_ARC = YES;
				CLANG_WARN_BOOL_CONVERSION = YES;
				CLANG_WARN_CONSTANT_CONVERSION = YES;
				CLANG_WARN_DIRECT_OBJC_ISA_USAGE = YES_ERROR;
				CLANG_WARN_EMPTY_BODY = YES;
				CLANG_WARN_ENUM_CONVERSION = YES;
				CLANG_WARN_INT_CONVERSION = YES;
				CLANG_WARN_OBJC_ROOT_CLASS = YES_ERROR;
				CLANG_WARN_UNREACHABLE_CODE = YES;
				CLANG_WARN__DUPLICATE_METHOD_MATCH = YES;
				"CODE_SIGN_IDENTITY[sdk=iphoneos*]" = "iPhone Developer";
				COPY_PHASE_STRIP = NO;
				DEBUG_INFORMATION_FORMAT = "dwarf-with-dsym";
				ENABLE_NS_ASSERTIONS = NO;
				ENABLE_STRICT_OBJC_MSGSEND = YES;
				GCC_C_LANGUAGE_STANDARD = gnu99;
				GCC_NO_COMMON_BLOCKS = YES;
				GCC_WARN_64_TO_32_BIT_CONVERSION = YES;
				GCC_WARN_ABOUT_RETURN_TYPE = YES_ERROR;
				GCC_WARN_UNDECLARED_SELECTOR = YES;
				GCC_WARN_UNINITIALIZED_AUTOS = YES_AGGRESSIVE;
				GCC_WARN_UNUSED_FUNCTION = YES;
				GCC_WARN_UNUSED_VARIABLE = YES;
				IPHONEOS_DEPLOYMENT_TARGET = 8.3;
				MTL_ENABLE_DEBUG_INFO = NO;
				SDKROOT = iphoneos;
				TARGETED_DEVICE_FAMILY = "1,2";
				VALIDATE_PRODUCT = YES;
			};
			name = Release;
		};
		520F88861B12CE540018C34C /* Debug */ = {
			isa = XCBuildConfiguration;
			buildSettings = {
				ASSETCATALOG_COMPILER_APPICON_NAME = AppIcon;
				INFOPLIST_FILE = calculator/Info.plist;
				LD_RUNPATH_SEARCH_PATHS = "$(inherited) @executable_path/Frameworks";
				PRODUCT_NAME = "$(TARGET_NAME)";
			};
			name = Debug;
		};
		520F88871B12CE540018C34C /* Release */ = {
			isa = XCBuildConfiguration;
			buildSettings = {
				ASSETCATALOG_COMPILER_APPICON_NAME = AppIcon;
				INFOPLIST_FILE = calculator/Info.plist;
				LD_RUNPATH_SEARCH_PATHS = "$(inherited) @executable_path/Frameworks";
				PRODUCT_NAME = "$(TARGET_NAME)";
			};
			name = Release;
		};
		520F88891B12CE540018C34C /* Debug */ = {
			isa = XCBuildConfiguration;
			buildSettings = {
				BUNDLE_LOADER = "$(TEST_HOST)";
				FRAMEWORK_SEARCH_PATHS = (
					"$(SDKROOT)/Developer/Library/Frameworks",
					"$(inherited)",
				);
				GCC_PREPROCESSOR_DEFINITIONS = (
					"DEBUG=1",
					"$(inherited)",
				);
				INFOPLIST_FILE = calculatorTests/Info.plist;
				LD_RUNPATH_SEARCH_PATHS = "$(inherited) @executable_path/Frameworks @loader_path/Frameworks";
				PRODUCT_NAME = "$(TARGET_NAME)";
				TEST_HOST = "$(BUILT_PRODUCTS_DIR)/calculator.app/calculator";
			};
			name = Debug;
		};
		520F888A1B12CE540018C34C /* Release */ = {
			isa = XCBuildConfiguration;
			buildSettings = {
				BUNDLE_LOADER = "$(TEST_HOST)";
				FRAMEWORK_SEARCH_PATHS = (
					"$(SDKROOT)/Developer/Library/Frameworks",
					"$(inherited)",
				);
				INFOPLIST_FILE = calculatorTests/Info.plist;
				LD_RUNPATH_SEARCH_PATHS = "$(inherited) @executable_path/Frameworks @loader_path/Frameworks";
				PRODUCT_NAME = "$(TARGET_NAME)";
				TEST_HOST = "$(BUILT_PRODUCTS_DIR)/calculator.app/calculator";
			};
			name = Release;
		};
/* End XCBuildConfiguration section */

/* Begin XCConfigurationList section */
		520F88611B12CE530018C34C /* Build configuration list for PBXProject "calculator" */ = {
			isa = XCConfigurationList;
			buildConfigurations = (
				520F88831B12CE540018C34C /* Debug */,
				520F88841B12CE540018C34C /* Release */,
			);
			defaultConfigurationIsVisible = 0;
			defaultConfigurationName = Release;
		};
		520F88851B12CE540018C34C /* Build configuration list for PBXNativeTarget "calculator" */ = {
			isa = XCConfigurationList;
			buildConfigurations = (
				520F88861B12CE540018C34C /* Debug */,
				520F88871B12CE540018C34C /* Release */,
			);
			defaultConfigurationIsVisible = 0;
			defaultConfigurationName = Release;
		};
		520F88881B12CE540018C34C /* Build configuration list for PBXNativeTarget "calculatorTests" */ = {
			isa = XCConfigurationList;
			buildConfigurations = (
				520F88891B12CE540018C34C /* Debug */,
				520F888A1B12CE540018C34C /* Release */,
			);
			defaultConfigurationIsVisible = 0;
			defaultConfigurationName = Release;
		};
/* End XCConfigurationList section */
	};
	rootObject = 520F885E1B12CE530018C34C /* Project object */;
}
